
Microsoft Visual Studio Solution File, Format Version 12.00
# Visual Studio 15
VisualStudioVersion = 15.0.27703.2018
MinimumVisualStudioVersion = 10.0.40219.1
Project("{FAE04EC0-301F-11D3-BF4B-00C04F79EFBC}") = "Musics - Server", "Musics - Server\Musics - Server.csproj", "{90C2D130-08ED-42E1-B4C5-CA40C11E2A93}"
	ProjectSection(ProjectDependencies) = postProject
		{39A033B7-6065-4306-B4A2-2AC91552EBAE} = {39A033B7-6065-4306-B4A2-2AC91552EBAE}
	EndProjectSection
EndProject
Project("{FAE04EC0-301F-11D3-BF4B-00C04F79EFBC}") = "Utility", "Utility\Utility.csproj", "{39A033B7-6065-4306-B4A2-2AC91552EBAE}"
EndProject
Project("{FAE04EC0-301F-11D3-BF4B-00C04F79EFBC}") = "Musics - Client", "Musics - Client\Musics - Client.csproj", "{2DF9BAAE-08B4-4041-9D5F-748468288FC3}"
	ProjectSection(ProjectDependencies) = postProject
		{39A033B7-6065-4306-B4A2-2AC91552EBAE} = {39A033B7-6065-4306-B4A2-2AC91552EBAE}
	EndProjectSection
EndProject
Project("{FAE04EC0-301F-11D3-BF4B-00C04F79EFBC}") = "ServerCreator", "ServerCreator\ServerCreator.csproj", "{E19CD2CC-D3AC-4BD6-8241-22F9B8E7C51A}"
EndProject
Project("{FAE04EC0-301F-11D3-BF4B-00C04F79EFBC}") = "ControlLibrary", "ControlLibrary\ControlLibrary.csproj", "{D92BAE94-BA9D-4028-B63C-A6E33ED6AFDC}"
EndProject
Project("{FAE04EC0-301F-11D3-BF4B-00C04F79EFBC}") = "Musics - ServerTests", "Musics - ServerTests\Musics - ServerTests.csproj", "{4DE34EBD-01C0-4588-B545-30A81F814343}"
EndProject
Project("{FAE04EC0-301F-11D3-BF4B-00C04F79EFBC}") = "Tracker", "Tracker\Tracker.csproj", "{D390E047-EFA1-43B5-B003-78E5C70A297E}"
EndProject
Project("{FAE04EC0-301F-11D3-BF4B-00C04F79EFBC}") = "Utility.UnitTests", "Utility.UnitTests\Utility.UnitTests.csproj", "{7DF905A5-60A3-4300-B7EB-7EA40A4CC4F3}"
EndProject
Global
	GlobalSection(SolutionConfigurationPlatforms) = preSolution
		Debug|Any CPU = Debug|Any CPU
		Debug|x64 = Debug|x64
		Release|Any CPU = Release|Any CPU
		Release|x64 = Release|x64
	EndGlobalSection
	GlobalSection(ProjectConfigurationPlatforms) = postSolution
		{90C2D130-08ED-42E1-B4C5-CA40C11E2A93}.Debug|Any CPU.ActiveCfg = Debug|Any CPU
		{90C2D130-08ED-42E1-B4C5-CA40C11E2A93}.Debug|Any CPU.Build.0 = Debug|Any CPU
		{90C2D130-08ED-42E1-B4C5-CA40C11E2A93}.Debug|x64.ActiveCfg = Debug|x64
		{90C2D130-08ED-42E1-B4C5-CA40C11E2A93}.Debug|x64.Build.0 = Debug|x64
		{90C2D130-08ED-42E1-B4C5-CA40C11E2A93}.Release|Any CPU.ActiveCfg = Release|Any CPU
		{90C2D130-08ED-42E1-B4C5-CA40C11E2A93}.Release|Any CPU.Build.0 = Release|Any CPU
		{90C2D130-08ED-42E1-B4C5-CA40C11E2A93}.Release|x64.ActiveCfg = Release|x64
		{90C2D130-08ED-42E1-B4C5-CA40C11E2A93}.Release|x64.Build.0 = Release|x64
		{39A033B7-6065-4306-B4A2-2AC91552EBAE}.Debug|Any CPU.ActiveCfg = Debug|Any CPU
		{39A033B7-6065-4306-B4A2-2AC91552EBAE}.Debug|Any CPU.Build.0 = Debug|Any CPU
		{39A033B7-6065-4306-B4A2-2AC91552EBAE}.Debug|x64.ActiveCfg = Debug|Any CPU
		{39A033B7-6065-4306-B4A2-2AC91552EBAE}.Debug|x64.Build.0 = Debug|Any CPU
		{39A033B7-6065-4306-B4A2-2AC91552EBAE}.Release|Any CPU.ActiveCfg = Release|Any CPU
		{39A033B7-6065-4306-B4A2-2AC91552EBAE}.Release|Any CPU.Build.0 = Release|Any CPU
		{39A033B7-6065-4306-B4A2-2AC91552EBAE}.Release|x64.ActiveCfg = Release|Any CPU
		{39A033B7-6065-4306-B4A2-2AC91552EBAE}.Release|x64.Build.0 = Release|Any CPU
		{2DF9BAAE-08B4-4041-9D5F-748468288FC3}.Debug|Any CPU.ActiveCfg = Debug|Any CPU
		{2DF9BAAE-08B4-4041-9D5F-748468288FC3}.Debug|Any CPU.Build.0 = Debug|Any CPU
		{2DF9BAAE-08B4-4041-9D5F-748468288FC3}.Debug|x64.ActiveCfg = Debug|Any CPU
		{2DF9BAAE-08B4-4041-9D5F-748468288FC3}.Debug|x64.Build.0 = Debug|Any CPU
		{2DF9BAAE-08B4-4041-9D5F-748468288FC3}.Release|Any CPU.ActiveCfg = Release|Any CPU
		{2DF9BAAE-08B4-4041-9D5F-748468288FC3}.Release|Any CPU.Build.0 = Release|Any CPU
		{2DF9BAAE-08B4-4041-9D5F-748468288FC3}.Release|x64.ActiveCfg = Release|Any CPU
		{2DF9BAAE-08B4-4041-9D5F-748468288FC3}.Release|x64.Build.0 = Release|Any CPU
		{E19CD2CC-D3AC-4BD6-8241-22F9B8E7C51A}.Debug|Any CPU.ActiveCfg = Debug|Any CPU
		{E19CD2CC-D3AC-4BD6-8241-22F9B8E7C51A}.Debug|Any CPU.Build.0 = Debug|Any CPU
		{E19CD2CC-D3AC-4BD6-8241-22F9B8E7C51A}.Debug|x64.ActiveCfg = Debug|Any CPU
		{E19CD2CC-D3AC-4BD6-8241-22F9B8E7C51A}.Debug|x64.Build.0 = Debug|Any CPU
		{E19CD2CC-D3AC-4BD6-8241-22F9B8E7C51A}.Release|Any CPU.ActiveCfg = Release|Any CPU
		{E19CD2CC-D3AC-4BD6-8241-22F9B8E7C51A}.Release|Any CPU.Build.0 = Release|Any CPU
		{E19CD2CC-D3AC-4BD6-8241-22F9B8E7C51A}.Release|x64.ActiveCfg = Release|Any CPU
		{E19CD2CC-D3AC-4BD6-8241-22F9B8E7C51A}.Release|x64.Build.0 = Release|Any CPU
		{D92BAE94-BA9D-4028-B63C-A6E33ED6AFDC}.Debug|Any CPU.ActiveCfg = Debug|Any CPU
		{D92BAE94-BA9D-4028-B63C-A6E33ED6AFDC}.Debug|Any CPU.Build.0 = Debug|Any CPU
		{D92BAE94-BA9D-4028-B63C-A6E33ED6AFDC}.Debug|x64.ActiveCfg = Debug|Any CPU
		{D92BAE94-BA9D-4028-B63C-A6E33ED6AFDC}.Debug|x64.Build.0 = Debug|Any CPU
		{D92BAE94-BA9D-4028-B63C-A6E33ED6AFDC}.Release|Any CPU.ActiveCfg = Release|Any CPU
		{D92BAE94-BA9D-4028-B63C-A6E33ED6AFDC}.Release|Any CPU.Build.0 = Release|Any CPU
		{D92BAE94-BA9D-4028-B63C-A6E33ED6AFDC}.Release|x64.ActiveCfg = Release|Any CPU
		{D92BAE94-BA9D-4028-B63C-A6E33ED6AFDC}.Release|x64.Build.0 = Release|Any CPU
		{4DE34EBD-01C0-4588-B545-30A81F814343}.Debug|Any CPU.ActiveCfg = Debug|Any CPU
		{4DE34EBD-01C0-4588-B545-30A81F814343}.Debug|Any CPU.Build.0 = Debug|Any CPU
		{4DE34EBD-01C0-4588-B545-30A81F814343}.Debug|x64.ActiveCfg = Debug|Any CPU
		{4DE34EBD-01C0-4588-B545-30A81F814343}.Debug|x64.Build.0 = Debug|Any CPU
		{4DE34EBD-01C0-4588-B545-30A81F814343}.Release|Any CPU.ActiveCfg = Release|Any CPU
		{4DE34EBD-01C0-4588-B545-30A81F814343}.Release|Any CPU.Build.0 = Release|Any CPU
		{4DE34EBD-01C0-4588-B545-30A81F814343}.Release|x64.ActiveCfg = Release|Any CPU
		{4DE34EBD-01C0-4588-B545-30A81F814343}.Release|x64.Build.0 = Release|Any CPU
		{D390E047-EFA1-43B5-B003-78E5C70A297E}.Debug|Any CPU.ActiveCfg = Debug|Any CPU
		{D390E047-EFA1-43B5-B003-78E5C70A297E}.Debug|Any CPU.Build.0 = Debug|Any CPU
		{D390E047-EFA1-43B5-B003-78E5C70A297E}.Debug|x64.ActiveCfg = Debug|Any CPU
		{D390E047-EFA1-43B5-B003-78E5C70A297E}.Debug|x64.Build.0 = Debug|Any CPU
		{D390E047-EFA1-43B5-B003-78E5C70A297E}.Release|Any CPU.ActiveCfg = Release|Any CPU
		{D390E047-EFA1-43B5-B003-78E5C70A297E}.Release|Any CPU.Build.0 = Release|Any CPU
		{D390E047-EFA1-43B5-B003-78E5C70A297E}.Release|x64.ActiveCfg = Release|Any CPU
		{D390E047-EFA1-43B5-B003-78E5C70A297E}.Release|x64.Build.0 = Release|Any CPU
		{7DF905A5-60A3-4300-B7EB-7EA40A4CC4F3}.Debug|Any CPU.ActiveCfg = Debug|Any CPU
		{7DF905A5-60A3-4300-B7EB-7EA40A4CC4F3}.Debug|Any CPU.Build.0 = Debug|Any CPU
		{7DF905A5-60A3-4300-B7EB-7EA40A4CC4F3}.Debug|x64.ActiveCfg = Debug|Any CPU
		{7DF905A5-60A3-4300-B7EB-7EA40A4CC4F3}.Debug|x64.Build.0 = Debug|Any CPU
		{7DF905A5-60A3-4300-B7EB-7EA40A4CC4F3}.Release|Any CPU.ActiveCfg = Release|Any CPU
		{7DF905A5-60A3-4300-B7EB-7EA40A4CC4F3}.Release|Any CPU.Build.0 = Release|Any CPU
		{7DF905A5-60A3-4300-B7EB-7EA40A4CC4F3}.Release|x64.ActiveCfg = Release|Any CPU
		{7DF905A5-60A3-4300-B7EB-7EA40A4CC4F3}.Release|x64.Build.0 = Release|Any CPU
	EndGlobalSection
	GlobalSection(SolutionProperties) = preSolution
		HideSolutionNode = FALSE
	EndGlobalSection
	GlobalSection(ExtensibilityGlobals) = postSolution
		SolutionGuid = {0179E4C6-45D4-4F08-96B0-16C32C839493}
	EndGlobalSection
EndGlobal
