
Microsoft Visual Studio Solution File, Format Version 12.00
# Visual Studio 15
VisualStudioVersion = 15.0.27703.2018
MinimumVisualStudioVersion = 10.0.40219.1
Project("{FAE04EC0-301F-11D3-BF4B-00C04F79EFBC}") = "Musics - Server", "Musics - Server\Musics - Server.csproj", "{90C2D130-08ED-42E1-B4C5-CA40C11E2A93}"
	ProjectSection(ProjectDependencies) = postProject
		{39A033B7-6065-4306-B4A2-2AC91552EBAE} = {39A033B7-6065-4306-B4A2-2AC91552EBAE}
	EndProjectSection
EndProject
Project("{FAE04EC0-301F-11D3-BF4B-00C04F79EFBC}") = "Utility", "Utility\Utility.csproj", "{39A033B7-6065-4306-B4A2-2AC91552EBAE}"
EndProject
Project("{FAE04EC0-301F-11D3-BF4B-00C04F79EFBC}") = "Musics - Client", "Musics - Client\Musics - Client.csproj", "{2DF9BAAE-08B4-4041-9D5F-748468288FC3}"
	ProjectSection(ProjectDependencies) = postProject
		{39A033B7-6065-4306-B4A2-2AC91552EBAE} = {39A033B7-6065-4306-B4A2-2AC91552EBAE}
	EndProjectSection
EndProject
Project("{FAE04EC0-301F-11D3-BF4B-00C04F79EFBC}") = "ServerCreator", "ServerCreator\ServerCreator.csproj", "{E19CD2CC-D3AC-4BD6-8241-22F9B8E7C51A}"
EndProject
Project("{9A19103F-16F7-4668-BE54-9A1E7A4F7556}") = "CodeCraft.Logger", "CodeCraft.Logger\CodeCraft.Logger.csproj", "{42DFEB9D-852D-4313-B69C-15E62F069C55}"
EndProject
Global
	GlobalSection(SolutionConfigurationPlatforms) = preSolution
		Debug|Any CPU = Debug|Any CPU
		Debug|x64 = Debug|x64
		Release|Any CPU = Release|Any CPU
		Release|x64 = Release|x64
	EndGlobalSection
	GlobalSection(ProjectConfigurationPlatforms) = postSolution
		{90C2D130-08ED-42E1-B4C5-CA40C11E2A93}.Debug|Any CPU.ActiveCfg = Debug|Any CPU
		{90C2D130-08ED-42E1-B4C5-CA40C11E2A93}.Debug|Any CPU.Build.0 = Debug|Any CPU
		{90C2D130-08ED-42E1-B4C5-CA40C11E2A93}.Debug|x64.ActiveCfg = Debug|x64
		{90C2D130-08ED-42E1-B4C5-CA40C11E2A93}.Debug|x64.Build.0 = Debug|x64
		{90C2D130-08ED-42E1-B4C5-CA40C11E2A93}.Release|Any CPU.ActiveCfg = Release|Any CPU
		{90C2D130-08ED-42E1-B4C5-CA40C11E2A93}.Release|Any CPU.Build.0 = Release|Any CPU
		{90C2D130-08ED-42E1-B4C5-CA40C11E2A93}.Release|x64.ActiveCfg = Release|x64
		{90C2D130-08ED-42E1-B4C5-CA40C11E2A93}.Release|x64.Build.0 = Release|x64
		{39A033B7-6065-4306-B4A2-2AC91552EBAE}.Debug|Any CPU.ActiveCfg = Debug|Any CPU
		{39A033B7-6065-4306-B4A2-2AC91552EBAE}.Debug|Any CPU.Build.0 = Debug|Any CPU
		{39A033B7-6065-4306-B4A2-2AC91552EBAE}.Debug|x64.ActiveCfg = Debug|Any CPU
		{39A033B7-6065-4306-B4A2-2AC91552EBAE}.Debug|x64.Build.0 = Debug|Any CPU
		{39A033B7-6065-4306-B4A2-2AC91552EBAE}.Release|Any CPU.ActiveCfg = Release|Any CPU
		{39A033B7-6065-4306-B4A2-2AC91552EBAE}.Release|Any CPU.Build.0 = Release|Any CPU
		{39A033B7-6065-4306-B4A2-2AC91552EBAE}.Release|x64.ActiveCfg = Release|Any CPU
		{39A033B7-6065-4306-B4A2-2AC91552EBAE}.Release|x64.Build.0 = Release|Any CPU
		{2DF9BAAE-08B4-4041-9D5F-748468288FC3}.Debug|Any CPU.ActiveCfg = Debug|Any CPU
		{2DF9BAAE-08B4-4041-9D5F-748468288FC3}.Debug|Any CPU.Build.0 = Debug|Any CPU
		{2DF9BAAE-08B4-4041-9D5F-748468288FC3}.Debug|x64.ActiveCfg = Debug|Any CPU
		{2DF9BAAE-08B4-4041-9D5F-748468288FC3}.Debug|x64.Build.0 = Debug|Any CPU
		{2DF9BAAE-08B4-4041-9D5F-748468288FC3}.Release|Any CPU.ActiveCfg = Release|Any CPU
		{2DF9BAAE-08B4-4041-9D5F-748468288FC3}.Release|Any CPU.Build.0 = Release|Any CPU
		{2DF9BAAE-08B4-4041-9D5F-748468288FC3}.Release|x64.ActiveCfg = Release|Any CPU
		{2DF9BAAE-08B4-4041-9D5F-748468288FC3}.Release|x64.Build.0 = Release|Any CPU
		{E19CD2CC-D3AC-4BD6-8241-22F9B8E7C51A}.Debug|Any CPU.ActiveCfg = Debug|Any CPU
		{E19CD2CC-D3AC-4BD6-8241-22F9B8E7C51A}.Debug|Any CPU.Build.0 = Debug|Any CPU
		{E19CD2CC-D3AC-4BD6-8241-22F9B8E7C51A}.Debug|x64.ActiveCfg = Debug|Any CPU
		{E19CD2CC-D3AC-4BD6-8241-22F9B8E7C51A}.Debug|x64.Build.0 = Debug|Any CPU
		{E19CD2CC-D3AC-4BD6-8241-22F9B8E7C51A}.Release|Any CPU.ActiveCfg = Release|Any CPU
		{E19CD2CC-D3AC-4BD6-8241-22F9B8E7C51A}.Release|Any CPU.Build.0 = Release|Any CPU
		{E19CD2CC-D3AC-4BD6-8241-22F9B8E7C51A}.Release|x64.ActiveCfg = Release|Any CPU
		{E19CD2CC-D3AC-4BD6-8241-22F9B8E7C51A}.Release|x64.Build.0 = Release|Any CPU
		{42DFEB9D-852D-4313-B69C-15E62F069C55}.Debug|Any CPU.ActiveCfg = Debug|Any CPU
		{42DFEB9D-852D-4313-B69C-15E62F069C55}.Debug|Any CPU.Build.0 = Debug|Any CPU
		{42DFEB9D-852D-4313-B69C-15E62F069C55}.Debug|x64.ActiveCfg = Debug|Any CPU
		{42DFEB9D-852D-4313-B69C-15E62F069C55}.Debug|x64.Build.0 = Debug|Any CPU
		{42DFEB9D-852D-4313-B69C-15E62F069C55}.Release|Any CPU.ActiveCfg = Release|Any CPU
		{42DFEB9D-852D-4313-B69C-15E62F069C55}.Release|Any CPU.Build.0 = Release|Any CPU
		{42DFEB9D-852D-4313-B69C-15E62F069C55}.Release|x64.ActiveCfg = Release|Any CPU
		{42DFEB9D-852D-4313-B69C-15E62F069C55}.Release|x64.Build.0 = Release|Any CPU
	EndGlobalSection
	GlobalSection(SolutionProperties) = preSolution
		HideSolutionNode = FALSE
	EndGlobalSection
	GlobalSection(ExtensibilityGlobals) = postSolution
		SolutionGuid = {0179E4C6-45D4-4F08-96B0-16C32C839493}
	EndGlobalSection
EndGlobal
